// !$*UTF8*$!
{
	archiveVersion = 1;
	classes = {
	};
	objectVersion = 56;
	objects = {

/* Begin PBXBuildFile section */
		1CF031AB2946168E00F40D2B /* SortMainView.swift in Sources */ = {isa = PBXBuildFile; fileRef = 1CF031AA2946168E00F40D2B /* SortMainView.swift */; };
		1CF031AD294616B800F40D2B /* SortPicView.swift in Sources */ = {isa = PBXBuildFile; fileRef = 1CF031AC294616B800F40D2B /* SortPicView.swift */; };
		A3181C8729D6834700437F4D /* Alamofire in Frameworks */ = {isa = PBXBuildFile; productRef = A3181C8629D6834700437F4D /* Alamofire */; };
		A3181C8A29D68AA200437F4D /* FundMainView.swift in Sources */ = {isa = PBXBuildFile; fileRef = A3181C8929D68AA200437F4D /* FundMainView.swift */; };
		A352161F29C1997B0013DA70 /* UIExtension.swift in Sources */ = {isa = PBXBuildFile; fileRef = A352161E29C1997B0013DA70 /* UIExtension.swift */; };
		A37DEF7229B98E9700A5606D /* Game2048View.swift in Sources */ = {isa = PBXBuildFile; fileRef = A37DEF7129B98E9700A5606D /* Game2048View.swift */; };
		A37DEF7429BAD4C800A5606D /* DemoTest.swift in Sources */ = {isa = PBXBuildFile; fileRef = A37DEF7329BAD4C800A5606D /* DemoTest.swift */; };
		A37DEF7A29BADF1700A5606D /* ClockMainView.swift in Sources */ = {isa = PBXBuildFile; fileRef = A37DEF7929BADF1700A5606D /* ClockMainView.swift */; };
		A37DEF7E29BEDE7A00A5606D /* ColorDemoView.swift in Sources */ = {isa = PBXBuildFile; fileRef = A37DEF7D29BEDE7900A5606D /* ColorDemoView.swift */; };
		A37DEFA429CC7C3E00A5606D /* WidgetKit.framework in Frameworks */ = {isa = PBXBuildFile; fileRef = A37DEFA329CC7C3E00A5606D /* WidgetKit.framework */; };
		A37DEFA629CC7C3E00A5606D /* SwiftUI.framework in Frameworks */ = {isa = PBXBuildFile; fileRef = A37DEFA529CC7C3E00A5606D /* SwiftUI.framework */; };
		A37DEFA929CC7C3E00A5606D /* YWidgetsBundle.swift in Sources */ = {isa = PBXBuildFile; fileRef = A37DEFA829CC7C3E00A5606D /* YWidgetsBundle.swift */; };
		A37DEFAB29CC7C3E00A5606D /* YWidgetsLiveActivity.swift in Sources */ = {isa = PBXBuildFile; fileRef = A37DEFAA29CC7C3E00A5606D /* YWidgetsLiveActivity.swift */; };
		A37DEFAD29CC7C3E00A5606D /* YWidgets.swift in Sources */ = {isa = PBXBuildFile; fileRef = A37DEFAC29CC7C3E00A5606D /* YWidgets.swift */; };
		A37DEFB029CC7C4000A5606D /* Assets.xcassets in Resources */ = {isa = PBXBuildFile; fileRef = A37DEFAF29CC7C4000A5606D /* Assets.xcassets */; };
		A37DEFB229CC7C4000A5606D /* YWidgets.intentdefinition in Sources */ = {isa = PBXBuildFile; fileRef = A37DEFAE29CC7C3E00A5606D /* YWidgets.intentdefinition */; };
		A37DEFB329CC7C4000A5606D /* YWidgets.intentdefinition in Sources */ = {isa = PBXBuildFile; fileRef = A37DEFAE29CC7C3E00A5606D /* YWidgets.intentdefinition */; };
		A37DEFB629CC7C4000A5606D /* YWidgetsExtension.appex in Embed Foundation Extensions */ = {isa = PBXBuildFile; fileRef = A37DEFA129CC7C3E00A5606D /* YWidgetsExtension.appex */; settings = {ATTRIBUTES = (RemoveHeadersOnCopy, ); }; };
		A37DEFBD29CC85D100A5606D /* YWidgetsAttributes.swift in Sources */ = {isa = PBXBuildFile; fileRef = A37DEFBC29CC85D100A5606D /* YWidgetsAttributes.swift */; };
		A37DEFBE29CC85D100A5606D /* YWidgetsAttributes.swift in Sources */ = {isa = PBXBuildFile; fileRef = A37DEFBC29CC85D100A5606D /* YWidgetsAttributes.swift */; };
		A3D2382729CD7DDB00A521B4 /* ClockData.swift in Sources */ = {isa = PBXBuildFile; fileRef = A3D2382629CD7DDB00A521B4 /* ClockData.swift */; };
		A3D2382829CD7DDB00A521B4 /* ClockData.swift in Sources */ = {isa = PBXBuildFile; fileRef = A3D2382629CD7DDB00A521B4 /* ClockData.swift */; };
		A3D2382A29CD7DF400A521B4 /* ClockBoardView.swift in Sources */ = {isa = PBXBuildFile; fileRef = A3D2382929CD7DF400A521B4 /* ClockBoardView.swift */; };
		A3D2382B29CD7DF400A521B4 /* ClockBoardView.swift in Sources */ = {isa = PBXBuildFile; fileRef = A3D2382929CD7DF400A521B4 /* ClockBoardView.swift */; };
		A3C8A96629D6CE3700AA3877 /* SwiftUICharts in Frameworks */ = {isa = PBXBuildFile; productRef = A3C8A96529D6CE3700AA3877 /* SwiftUICharts */; };
		A3C8A96929D6D55800AA3877 /* FundResponse.swift in Sources */ = {isa = PBXBuildFile; fileRef = A3C8A96829D6D55800AA3877 /* FundResponse.swift */; };
		A3DF9075294092D300C14FF1 /* YToolsApp.swift in Sources */ = {isa = PBXBuildFile; fileRef = A3DF9074294092D300C14FF1 /* YToolsApp.swift */; };
		A3DF9077294092D300C14FF1 /* ContentView.swift in Sources */ = {isa = PBXBuildFile; fileRef = A3DF9076294092D300C14FF1 /* ContentView.swift */; };
		A3DF9079294092D400C14FF1 /* Assets.xcassets in Resources */ = {isa = PBXBuildFile; fileRef = A3DF9078294092D400C14FF1 /* Assets.xcassets */; };
		A3DF907D294092D400C14FF1 /* Preview Assets.xcassets in Resources */ = {isa = PBXBuildFile; fileRef = A3DF907C294092D400C14FF1 /* Preview Assets.xcassets */; };
		A3DF908429420A6E00C14FF1 /* WeatherKitView.swift in Sources */ = {isa = PBXBuildFile; fileRef = A3DF908329420A6E00C14FF1 /* WeatherKitView.swift */; };
		A3DF908829473E6F00C14FF1 /* NineMainView.swift in Sources */ = {isa = PBXBuildFile; fileRef = A3DF908729473E6F00C14FF1 /* NineMainView.swift */; };
		A3DF908A29473ECE00C14FF1 /* Utils.swift in Sources */ = {isa = PBXBuildFile; fileRef = A3DF908929473ECE00C14FF1 /* Utils.swift */; };
/* End PBXBuildFile section */

/* Begin PBXContainerItemProxy section */
		A37DEFB429CC7C4000A5606D /* PBXContainerItemProxy */ = {
			isa = PBXContainerItemProxy;
			containerPortal = A3DF9069294092D200C14FF1 /* Project object */;
			proxyType = 1;
			remoteGlobalIDString = A37DEFA029CC7C3E00A5606D;
			remoteInfo = YWidgetsExtension;
		};
/* End PBXContainerItemProxy section */

/* Begin PBXCopyFilesBuildPhase section */
		A37DEFB729CC7C4000A5606D /* Embed Foundation Extensions */ = {
			isa = PBXCopyFilesBuildPhase;
			buildActionMask = 2147483647;
			dstPath = "";
			dstSubfolderSpec = 13;
			files = (
				A37DEFB629CC7C4000A5606D /* YWidgetsExtension.appex in Embed Foundation Extensions */,
			);
			name = "Embed Foundation Extensions";
			runOnlyForDeploymentPostprocessing = 0;
		};
/* End PBXCopyFilesBuildPhase section */

/* Begin PBXFileReference section */
		1CF031AA2946168E00F40D2B /* SortMainView.swift */ = {isa = PBXFileReference; lastKnownFileType = sourcecode.swift; path = SortMainView.swift; sourceTree = "<group>"; };
		1CF031AC294616B800F40D2B /* SortPicView.swift */ = {isa = PBXFileReference; lastKnownFileType = sourcecode.swift; path = SortPicView.swift; sourceTree = "<group>"; };
		A3181C8929D68AA200437F4D /* FundMainView.swift */ = {isa = PBXFileReference; lastKnownFileType = sourcecode.swift; path = FundMainView.swift; sourceTree = "<group>"; };
		A352161E29C1997B0013DA70 /* UIExtension.swift */ = {isa = PBXFileReference; lastKnownFileType = sourcecode.swift; path = UIExtension.swift; sourceTree = "<group>"; };
		A37DEF7129B98E9700A5606D /* Game2048View.swift */ = {isa = PBXFileReference; lastKnownFileType = sourcecode.swift; path = Game2048View.swift; sourceTree = "<group>"; };
		A37DEF7329BAD4C800A5606D /* DemoTest.swift */ = {isa = PBXFileReference; lastKnownFileType = sourcecode.swift; path = DemoTest.swift; sourceTree = "<group>"; };
		A37DEF7529BAD8E400A5606D /* Info.plist */ = {isa = PBXFileReference; lastKnownFileType = text.plist; path = Info.plist; sourceTree = "<group>"; };
		A37DEF7929BADF1700A5606D /* ClockMainView.swift */ = {isa = PBXFileReference; lastKnownFileType = sourcecode.swift; path = ClockMainView.swift; sourceTree = "<group>"; };
		A37DEF7D29BEDE7900A5606D /* ColorDemoView.swift */ = {isa = PBXFileReference; lastKnownFileType = sourcecode.swift; path = ColorDemoView.swift; sourceTree = "<group>"; };
		A37DEFA129CC7C3E00A5606D /* YWidgetsExtension.appex */ = {isa = PBXFileReference; explicitFileType = "wrapper.app-extension"; includeInIndex = 0; path = YWidgetsExtension.appex; sourceTree = BUILT_PRODUCTS_DIR; };
		A37DEFA329CC7C3E00A5606D /* WidgetKit.framework */ = {isa = PBXFileReference; lastKnownFileType = wrapper.framework; name = WidgetKit.framework; path = System/Library/Frameworks/WidgetKit.framework; sourceTree = SDKROOT; };
		A37DEFA529CC7C3E00A5606D /* SwiftUI.framework */ = {isa = PBXFileReference; lastKnownFileType = wrapper.framework; name = SwiftUI.framework; path = System/Library/Frameworks/SwiftUI.framework; sourceTree = SDKROOT; };
		A37DEFA829CC7C3E00A5606D /* YWidgetsBundle.swift */ = {isa = PBXFileReference; lastKnownFileType = sourcecode.swift; path = YWidgetsBundle.swift; sourceTree = "<group>"; };
		A37DEFAA29CC7C3E00A5606D /* YWidgetsLiveActivity.swift */ = {isa = PBXFileReference; lastKnownFileType = sourcecode.swift; path = YWidgetsLiveActivity.swift; sourceTree = "<group>"; };
		A37DEFAC29CC7C3E00A5606D /* YWidgets.swift */ = {isa = PBXFileReference; lastKnownFileType = sourcecode.swift; path = YWidgets.swift; sourceTree = "<group>"; };
		A37DEFAE29CC7C3E00A5606D /* YWidgets.intentdefinition */ = {isa = PBXFileReference; lastKnownFileType = file.intentdefinition; path = YWidgets.intentdefinition; sourceTree = "<group>"; };
		A37DEFAF29CC7C4000A5606D /* Assets.xcassets */ = {isa = PBXFileReference; lastKnownFileType = folder.assetcatalog; path = Assets.xcassets; sourceTree = "<group>"; };
		A37DEFB129CC7C4000A5606D /* Info.plist */ = {isa = PBXFileReference; lastKnownFileType = text.plist.xml; path = Info.plist; sourceTree = "<group>"; };
		A37DEFBC29CC85D100A5606D /* YWidgetsAttributes.swift */ = {isa = PBXFileReference; lastKnownFileType = sourcecode.swift; path = YWidgetsAttributes.swift; sourceTree = "<group>"; };
		A37DEFBF29CC8B7300A5606D /* YWidgetsExtension.entitlements */ = {isa = PBXFileReference; lastKnownFileType = text.plist.entitlements; path = YWidgetsExtension.entitlements; sourceTree = "<group>"; };
		A3D2382629CD7DDB00A521B4 /* ClockData.swift */ = {isa = PBXFileReference; lastKnownFileType = sourcecode.swift; name = ClockData.swift; path = ../../../../../iOS/YTools/YTools/application/clock/ClockData.swift; sourceTree = "<group>"; };
		A3D2382929CD7DF400A521B4 /* ClockBoardView.swift */ = {isa = PBXFileReference; lastKnownFileType = sourcecode.swift; name = ClockBoardView.swift; path = ../../../../../iOS/YTools/YTools/application/clock/ClockBoardView.swift; sourceTree = "<group>"; };
		A3C8A96829D6D55800AA3877 /* FundResponse.swift */ = {isa = PBXFileReference; lastKnownFileType = sourcecode.swift; path = FundResponse.swift; sourceTree = "<group>"; };
		A3DF9071294092D300C14FF1 /* YTools.app */ = {isa = PBXFileReference; explicitFileType = wrapper.application; includeInIndex = 0; path = YTools.app; sourceTree = BUILT_PRODUCTS_DIR; };
		A3DF9074294092D300C14FF1 /* YToolsApp.swift */ = {isa = PBXFileReference; lastKnownFileType = sourcecode.swift; path = YToolsApp.swift; sourceTree = "<group>"; };
		A3DF9076294092D300C14FF1 /* ContentView.swift */ = {isa = PBXFileReference; lastKnownFileType = sourcecode.swift; path = ContentView.swift; sourceTree = "<group>"; };
		A3DF9078294092D400C14FF1 /* Assets.xcassets */ = {isa = PBXFileReference; lastKnownFileType = folder.assetcatalog; path = Assets.xcassets; sourceTree = "<group>"; };
		A3DF907A294092D400C14FF1 /* YTools.entitlements */ = {isa = PBXFileReference; lastKnownFileType = text.plist.entitlements; path = YTools.entitlements; sourceTree = "<group>"; };
		A3DF907C294092D400C14FF1 /* Preview Assets.xcassets */ = {isa = PBXFileReference; lastKnownFileType = folder.assetcatalog; path = "Preview Assets.xcassets"; sourceTree = "<group>"; };
		A3DF908329420A6E00C14FF1 /* WeatherKitView.swift */ = {isa = PBXFileReference; lastKnownFileType = sourcecode.swift; path = WeatherKitView.swift; sourceTree = "<group>"; };
		A3DF908729473E6F00C14FF1 /* NineMainView.swift */ = {isa = PBXFileReference; lastKnownFileType = sourcecode.swift; path = NineMainView.swift; sourceTree = "<group>"; };
		A3DF908929473ECE00C14FF1 /* Utils.swift */ = {isa = PBXFileReference; lastKnownFileType = sourcecode.swift; path = Utils.swift; sourceTree = "<group>"; };
/* End PBXFileReference section */

/* Begin PBXFrameworksBuildPhase section */
		A37DEF9E29CC7C3E00A5606D /* Frameworks */ = {
			isa = PBXFrameworksBuildPhase;
			buildActionMask = 2147483647;
			files = (
				A37DEFA629CC7C3E00A5606D /* SwiftUI.framework in Frameworks */,
				A37DEFA429CC7C3E00A5606D /* WidgetKit.framework in Frameworks */,
			);
			runOnlyForDeploymentPostprocessing = 0;
		};
		A3DF906E294092D300C14FF1 /* Frameworks */ = {
			isa = PBXFrameworksBuildPhase;
			buildActionMask = 2147483647;
			files = (
				A3181C8729D6834700437F4D /* Alamofire in Frameworks */,
				A3C8A96629D6CE3700AA3877 /* SwiftUICharts in Frameworks */,
			);
			runOnlyForDeploymentPostprocessing = 0;
		};
/* End PBXFrameworksBuildPhase section */

/* Begin PBXGroup section */
		1CF031A92946167200F40D2B /* sort */ = {
			isa = PBXGroup;
			children = (
				1CF031AA2946168E00F40D2B /* SortMainView.swift */,
				1CF031AC294616B800F40D2B /* SortPicView.swift */,
			);
			path = sort;
			sourceTree = "<group>";
		};
		A3181C8829D68A8800437F4D /* fund */ = {
			isa = PBXGroup;
			children = (
				A3C8A96729D6D54C00AA3877 /* data */,
				A3181C8929D68AA200437F4D /* FundMainView.swift */,
			);
			path = fund;
			sourceTree = "<group>";
		};
		A37DEF7029B98E7600A5606D /* Game2048 */ = {
			isa = PBXGroup;
			children = (
				A37DEF7129B98E9700A5606D /* Game2048View.swift */,
			);
			path = Game2048;
			sourceTree = "<group>";
		};
		A37DEF7629BADECE00A5606D /* clock */ = {
			isa = PBXGroup;
			children = (
				A37DEF7929BADF1700A5606D /* ClockMainView.swift */,
				A3D2382629CD7DDB00A521B4 /* ClockData.swift */,
				A3D2382929CD7DF400A521B4 /* ClockBoardView.swift */,
			);
			path = clock;
			sourceTree = "<group>";
		};
		A37DEF7729BADEEA00A5606D /* game */ = {
			isa = PBXGroup;
			children = (
				A37DEF7029B98E7600A5606D /* Game2048 */,
			);
			path = game;
			sourceTree = "<group>";
		};
		A37DEF7829BADEF200A5606D /* application */ = {
			isa = PBXGroup;
			children = (
				A3181C8829D68A8800437F4D /* fund */,
				1CF031A92946167200F40D2B /* sort */,
				A3DF908529473E4C00C14FF1 /* nine */,
				A37DEF7629BADECE00A5606D /* clock */,
			);
			path = application;
			sourceTree = "<group>";
		};
		A37DEF7B29BED4F400A5606D /* demo */ = {
			isa = PBXGroup;
			children = (
				A37DEF7C29BED4FC00A5606D /* colorDemo */,
			);
			path = demo;
			sourceTree = "<group>";
		};
		A37DEF7C29BED4FC00A5606D /* colorDemo */ = {
			isa = PBXGroup;
			children = (
				A37DEF7D29BEDE7900A5606D /* ColorDemoView.swift */,
			);
			path = colorDemo;
			sourceTree = "<group>";
		};
		A37DEFA229CC7C3E00A5606D /* Frameworks */ = {
			isa = PBXGroup;
			children = (
				A37DEFA329CC7C3E00A5606D /* WidgetKit.framework */,
				A37DEFA529CC7C3E00A5606D /* SwiftUI.framework */,
			);
			name = Frameworks;
			sourceTree = "<group>";
		};
		A37DEFA729CC7C3E00A5606D /* YWidgets */ = {
			isa = PBXGroup;
			children = (
				A37DEFBC29CC85D100A5606D /* YWidgetsAttributes.swift */,
				A37DEFA829CC7C3E00A5606D /* YWidgetsBundle.swift */,
				A37DEFAA29CC7C3E00A5606D /* YWidgetsLiveActivity.swift */,
				A37DEFAC29CC7C3E00A5606D /* YWidgets.swift */,
				A37DEFAE29CC7C3E00A5606D /* YWidgets.intentdefinition */,
				A37DEFAF29CC7C4000A5606D /* Assets.xcassets */,
				A37DEFB129CC7C4000A5606D /* Info.plist */,
			);
			path = YWidgets;
			sourceTree = "<group>";
		};
		A3C8A96729D6D54C00AA3877 /* data */ = {
			isa = PBXGroup;
			children = (
				A3C8A96829D6D55800AA3877 /* FundResponse.swift */,
			);
			path = data;
			sourceTree = "<group>";
		};
		A3DF9068294092D200C14FF1 = {
			isa = PBXGroup;
			children = (
				A37DEFBF29CC8B7300A5606D /* YWidgetsExtension.entitlements */,
				A3DF9073294092D300C14FF1 /* YTools */,
				A37DEFA729CC7C3E00A5606D /* YWidgets */,
				A37DEFA229CC7C3E00A5606D /* Frameworks */,
				A3DF9072294092D300C14FF1 /* Products */,
			);
			sourceTree = "<group>";
		};
		A3DF9072294092D300C14FF1 /* Products */ = {
			isa = PBXGroup;
			children = (
				A3DF9071294092D300C14FF1 /* YTools.app */,
				A37DEFA129CC7C3E00A5606D /* YWidgetsExtension.appex */,
			);
			name = Products;
			sourceTree = "<group>";
		};
		A3DF9073294092D300C14FF1 /* YTools */ = {
			isa = PBXGroup;
			children = (
				A37DEF7B29BED4F400A5606D /* demo */,
				A37DEF7829BADEF200A5606D /* application */,
				A37DEF7729BADEEA00A5606D /* game */,
				A37DEF7529BAD8E400A5606D /* Info.plist */,
				A3DF908629473E5A00C14FF1 /* base */,
				A3DF9074294092D300C14FF1 /* YToolsApp.swift */,
				A3DF9076294092D300C14FF1 /* ContentView.swift */,
				A3DF9078294092D400C14FF1 /* Assets.xcassets */,
				A3DF907A294092D400C14FF1 /* YTools.entitlements */,
				A3DF907B294092D400C14FF1 /* Preview Content */,
				A3DF908329420A6E00C14FF1 /* WeatherKitView.swift */,
				A37DEF7329BAD4C800A5606D /* DemoTest.swift */,
			);
			path = YTools;
			sourceTree = "<group>";
		};
		A3DF907B294092D400C14FF1 /* Preview Content */ = {
			isa = PBXGroup;
			children = (
				A3DF907C294092D400C14FF1 /* Preview Assets.xcassets */,
			);
			path = "Preview Content";
			sourceTree = "<group>";
		};
		A3DF908529473E4C00C14FF1 /* nine */ = {
			isa = PBXGroup;
			children = (
				A3DF908729473E6F00C14FF1 /* NineMainView.swift */,
			);
			path = nine;
			sourceTree = "<group>";
		};
		A3DF908629473E5A00C14FF1 /* base */ = {
			isa = PBXGroup;
			children = (
				A3DF908929473ECE00C14FF1 /* Utils.swift */,
				A352161E29C1997B0013DA70 /* UIExtension.swift */,
			);
			path = base;
			sourceTree = "<group>";
		};
/* End PBXGroup section */

/* Begin PBXNativeTarget section */
		A37DEFA029CC7C3E00A5606D /* YWidgetsExtension */ = {
			isa = PBXNativeTarget;
			buildConfigurationList = A37DEFBA29CC7C4000A5606D /* Build configuration list for PBXNativeTarget "YWidgetsExtension" */;
			buildPhases = (
				A37DEF9D29CC7C3E00A5606D /* Sources */,
				A37DEF9E29CC7C3E00A5606D /* Frameworks */,
				A37DEF9F29CC7C3E00A5606D /* Resources */,
			);
			buildRules = (
			);
			dependencies = (
			);
			name = YWidgetsExtension;
			productName = YWidgetsExtension;
			productReference = A37DEFA129CC7C3E00A5606D /* YWidgetsExtension.appex */;
			productType = "com.apple.product-type.app-extension";
		};
		A3DF9070294092D300C14FF1 /* YTools */ = {
			isa = PBXNativeTarget;
			buildConfigurationList = A3DF9080294092D400C14FF1 /* Build configuration list for PBXNativeTarget "YTools" */;
			buildPhases = (
				A3DF906D294092D300C14FF1 /* Sources */,
				A3DF906E294092D300C14FF1 /* Frameworks */,
				A3DF906F294092D300C14FF1 /* Resources */,
				A37DEFB729CC7C4000A5606D /* Embed Foundation Extensions */,
			);
			buildRules = (
			);
			dependencies = (
				A37DEFB529CC7C4000A5606D /* PBXTargetDependency */,
			);
			name = YTools;
			packageProductDependencies = (
				A3181C8629D6834700437F4D /* Alamofire */,
				A3C8A96529D6CE3700AA3877 /* SwiftUICharts */,
			);
			productName = YTools;
			productReference = A3DF9071294092D300C14FF1 /* YTools.app */;
			productType = "com.apple.product-type.application";
		};
/* End PBXNativeTarget section */

/* Begin PBXProject section */
		A3DF9069294092D200C14FF1 /* Project object */ = {
			isa = PBXProject;
			attributes = {
				BuildIndependentTargetsInParallel = 1;
				LastSwiftUpdateCheck = 1420;
				LastUpgradeCheck = 1420;
				TargetAttributes = {
					A37DEFA029CC7C3E00A5606D = {
						CreatedOnToolsVersion = 14.2;
					};
					A3DF9070294092D300C14FF1 = {
						CreatedOnToolsVersion = 14.1;
					};
				};
			};
			buildConfigurationList = A3DF906C294092D200C14FF1 /* Build configuration list for PBXProject "YTools" */;
			compatibilityVersion = "Xcode 14.0";
			developmentRegion = en;
			hasScannedForEncodings = 0;
			knownRegions = (
				en,
				Base,
			);
			mainGroup = A3DF9068294092D200C14FF1;
			packageReferences = (
				A3181C8529D6834700437F4D /* XCRemoteSwiftPackageReference "Alamofire" */,
				A3C8A96429D6CE3700AA3877 /* XCRemoteSwiftPackageReference "ChartView" */,
			);
			productRefGroup = A3DF9072294092D300C14FF1 /* Products */;
			projectDirPath = "";
			projectRoot = "";
			targets = (
				A3DF9070294092D300C14FF1 /* YTools */,
				A37DEFA029CC7C3E00A5606D /* YWidgetsExtension */,
			);
		};
/* End PBXProject section */

/* Begin PBXResourcesBuildPhase section */
		A37DEF9F29CC7C3E00A5606D /* Resources */ = {
			isa = PBXResourcesBuildPhase;
			buildActionMask = 2147483647;
			files = (
				A37DEFB029CC7C4000A5606D /* Assets.xcassets in Resources */,
			);
			runOnlyForDeploymentPostprocessing = 0;
		};
		A3DF906F294092D300C14FF1 /* Resources */ = {
			isa = PBXResourcesBuildPhase;
			buildActionMask = 2147483647;
			files = (
				A3DF907D294092D400C14FF1 /* Preview Assets.xcassets in Resources */,
				A3DF9079294092D400C14FF1 /* Assets.xcassets in Resources */,
			);
			runOnlyForDeploymentPostprocessing = 0;
		};
/* End PBXResourcesBuildPhase section */

/* Begin PBXSourcesBuildPhase section */
		A37DEF9D29CC7C3E00A5606D /* Sources */ = {
			isa = PBXSourcesBuildPhase;
			buildActionMask = 2147483647;
			files = (
				A3D2382829CD7DDB00A521B4 /* ClockData.swift in Sources */,
				A37DEFAB29CC7C3E00A5606D /* YWidgetsLiveActivity.swift in Sources */,
				A37DEFBE29CC85D100A5606D /* YWidgetsAttributes.swift in Sources */,
				A37DEFAD29CC7C3E00A5606D /* YWidgets.swift in Sources */,
				A37DEFB229CC7C4000A5606D /* YWidgets.intentdefinition in Sources */,
				A37DEFA929CC7C3E00A5606D /* YWidgetsBundle.swift in Sources */,
				A3D2382B29CD7DF400A521B4 /* ClockBoardView.swift in Sources */,
			);
			runOnlyForDeploymentPostprocessing = 0;
		};
		A3DF906D294092D300C14FF1 /* Sources */ = {
			isa = PBXSourcesBuildPhase;
			buildActionMask = 2147483647;
			files = (
				A3DF908429420A6E00C14FF1 /* WeatherKitView.swift in Sources */,
				A37DEF7229B98E9700A5606D /* Game2048View.swift in Sources */,
				1CF031AB2946168E00F40D2B /* SortMainView.swift in Sources */,
				A3DF9077294092D300C14FF1 /* ContentView.swift in Sources */,
				A37DEF7A29BADF1700A5606D /* ClockMainView.swift in Sources */,
				A3181C8A29D68AA200437F4D /* FundMainView.swift in Sources */,
				A37DEF7E29BEDE7A00A5606D /* ColorDemoView.swift in Sources */,
				A37DEF7429BAD4C800A5606D /* DemoTest.swift in Sources */,
				A352161F29C1997B0013DA70 /* UIExtension.swift in Sources */,
				A3C8A96929D6D55800AA3877 /* FundResponse.swift in Sources */,
				A37DEFBD29CC85D100A5606D /* YWidgetsAttributes.swift in Sources */,
				A3D2382729CD7DDB00A521B4 /* ClockData.swift in Sources */,
				A3DF908A29473ECE00C14FF1 /* Utils.swift in Sources */,
				A3DF908829473E6F00C14FF1 /* NineMainView.swift in Sources */,
				A37DEFB329CC7C4000A5606D /* YWidgets.intentdefinition in Sources */,
				1CF031AD294616B800F40D2B /* SortPicView.swift in Sources */,
				A3D2382A29CD7DF400A521B4 /* ClockBoardView.swift in Sources */,
				A3DF9075294092D300C14FF1 /* YToolsApp.swift in Sources */,
			);
			runOnlyForDeploymentPostprocessing = 0;
		};
/* End PBXSourcesBuildPhase section */

/* Begin PBXTargetDependency section */
		A37DEFB529CC7C4000A5606D /* PBXTargetDependency */ = {
			isa = PBXTargetDependency;
			target = A37DEFA029CC7C3E00A5606D /* YWidgetsExtension */;
			targetProxy = A37DEFB429CC7C4000A5606D /* PBXContainerItemProxy */;
		};
/* End PBXTargetDependency section */

/* Begin XCBuildConfiguration section */
		A37DEFB829CC7C4000A5606D /* Debug */ = {
			isa = XCBuildConfiguration;
			buildSettings = {
				ASSETCATALOG_COMPILER_GLOBAL_ACCENT_COLOR_NAME = AccentColor;
				ASSETCATALOG_COMPILER_WIDGET_BACKGROUND_COLOR_NAME = WidgetBackground;
				CODE_SIGN_ENTITLEMENTS = YWidgetsExtension.entitlements;
				CODE_SIGN_IDENTITY = "-";
				"CODE_SIGN_IDENTITY[sdk=iphoneos*]" = "Apple Development";
				CODE_SIGN_STYLE = Automatic;
				CURRENT_PROJECT_VERSION = 1;
				DEVELOPMENT_TEAM = YKULDT8YN9;
				GENERATE_INFOPLIST_FILE = YES;
				INFOPLIST_FILE = YWidgets/Info.plist;
				INFOPLIST_KEY_CFBundleDisplayName = YWidgets;
				INFOPLIST_KEY_NSHumanReadableCopyright = "";
				IPHONEOS_DEPLOYMENT_TARGET = 16.2;
				LD_RUNPATH_SEARCH_PATHS = (
					"$(inherited)",
					"@executable_path/Frameworks",
					"@executable_path/../../Frameworks",
				);
				MARKETING_VERSION = 1.0;
				PRODUCT_BUNDLE_IDENTIFIER = com.yzh.YTools.YWidgets;
				PRODUCT_NAME = "$(TARGET_NAME)";
				SDKROOT = iphoneos;
				SKIP_INSTALL = YES;
				SUPPORTS_MACCATALYST = NO;
				SUPPORTS_MAC_DESIGNED_FOR_IPHONE_IPAD = NO;
				SWIFT_EMIT_LOC_STRINGS = YES;
				SWIFT_VERSION = 5.0;
				TARGETED_DEVICE_FAMILY = "1,2";
			};
			name = Debug;
		};
		A37DEFB929CC7C4000A5606D /* Release */ = {
			isa = XCBuildConfiguration;
			buildSettings = {
				ASSETCATALOG_COMPILER_GLOBAL_ACCENT_COLOR_NAME = AccentColor;
				ASSETCATALOG_COMPILER_WIDGET_BACKGROUND_COLOR_NAME = WidgetBackground;
				CODE_SIGN_ENTITLEMENTS = YWidgetsExtension.entitlements;
				CODE_SIGN_IDENTITY = "-";
				"CODE_SIGN_IDENTITY[sdk=iphoneos*]" = "Apple Development";
				CODE_SIGN_STYLE = Automatic;
				CURRENT_PROJECT_VERSION = 1;
				DEVELOPMENT_TEAM = YKULDT8YN9;
				GENERATE_INFOPLIST_FILE = YES;
				INFOPLIST_FILE = YWidgets/Info.plist;
				INFOPLIST_KEY_CFBundleDisplayName = YWidgets;
				INFOPLIST_KEY_NSHumanReadableCopyright = "";
				IPHONEOS_DEPLOYMENT_TARGET = 16.2;
				LD_RUNPATH_SEARCH_PATHS = (
					"$(inherited)",
					"@executable_path/Frameworks",
					"@executable_path/../../Frameworks",
				);
				MARKETING_VERSION = 1.0;
				PRODUCT_BUNDLE_IDENTIFIER = com.yzh.YTools.YWidgets;
				PRODUCT_NAME = "$(TARGET_NAME)";
				SDKROOT = iphoneos;
				SKIP_INSTALL = YES;
				SUPPORTS_MACCATALYST = NO;
				SUPPORTS_MAC_DESIGNED_FOR_IPHONE_IPAD = NO;
				SWIFT_EMIT_LOC_STRINGS = YES;
				SWIFT_VERSION = 5.0;
				TARGETED_DEVICE_FAMILY = "1,2";
				VALIDATE_PRODUCT = YES;
			};
			name = Release;
		};
		A3DF907E294092D400C14FF1 /* Debug */ = {
			isa = XCBuildConfiguration;
			buildSettings = {
				ALWAYS_SEARCH_USER_PATHS = NO;
				CLANG_ANALYZER_LOCALIZABILITY_NONLOCALIZED = YES;
				CLANG_ANALYZER_NONNULL = YES;
				CLANG_ANALYZER_NUMBER_OBJECT_CONVERSION = YES_AGGRESSIVE;
				CLANG_CXX_LANGUAGE_STANDARD = "gnu++20";
				CLANG_ENABLE_MODULES = YES;
				CLANG_ENABLE_OBJC_ARC = YES;
				CLANG_ENABLE_OBJC_WEAK = YES;
				CLANG_WARN_BLOCK_CAPTURE_AUTORELEASING = YES;
				CLANG_WARN_BOOL_CONVERSION = YES;
				CLANG_WARN_COMMA = YES;
				CLANG_WARN_CONSTANT_CONVERSION = YES;
				CLANG_WARN_DEPRECATED_OBJC_IMPLEMENTATIONS = YES;
				CLANG_WARN_DIRECT_OBJC_ISA_USAGE = YES_ERROR;
				CLANG_WARN_DOCUMENTATION_COMMENTS = YES;
				CLANG_WARN_EMPTY_BODY = YES;
				CLANG_WARN_ENUM_CONVERSION = YES;
				CLANG_WARN_INFINITE_RECURSION = YES;
				CLANG_WARN_INT_CONVERSION = YES;
				CLANG_WARN_NON_LITERAL_NULL_CONVERSION = YES;
				CLANG_WARN_OBJC_IMPLICIT_RETAIN_SELF = YES;
				CLANG_WARN_OBJC_LITERAL_CONVERSION = YES;
				CLANG_WARN_OBJC_ROOT_CLASS = YES_ERROR;
				CLANG_WARN_QUOTED_INCLUDE_IN_FRAMEWORK_HEADER = YES;
				CLANG_WARN_RANGE_LOOP_ANALYSIS = YES;
				CLANG_WARN_STRICT_PROTOTYPES = YES;
				CLANG_WARN_SUSPICIOUS_MOVE = YES;
				CLANG_WARN_UNGUARDED_AVAILABILITY = YES_AGGRESSIVE;
				CLANG_WARN_UNREACHABLE_CODE = YES;
				CLANG_WARN__DUPLICATE_METHOD_MATCH = YES;
				COPY_PHASE_STRIP = NO;
				DEAD_CODE_STRIPPING = YES;
				DEBUG_INFORMATION_FORMAT = dwarf;
				ENABLE_STRICT_OBJC_MSGSEND = YES;
				ENABLE_TESTABILITY = YES;
				GCC_C_LANGUAGE_STANDARD = gnu11;
				GCC_DYNAMIC_NO_PIC = NO;
				GCC_NO_COMMON_BLOCKS = YES;
				GCC_OPTIMIZATION_LEVEL = 0;
				GCC_PREPROCESSOR_DEFINITIONS = (
					"DEBUG=1",
					"$(inherited)",
				);
				GCC_WARN_64_TO_32_BIT_CONVERSION = YES;
				GCC_WARN_ABOUT_RETURN_TYPE = YES_ERROR;
				GCC_WARN_UNDECLARED_SELECTOR = YES;
				GCC_WARN_UNINITIALIZED_AUTOS = YES_AGGRESSIVE;
				GCC_WARN_UNUSED_FUNCTION = YES;
				GCC_WARN_UNUSED_VARIABLE = YES;
				INFOPLIST_KEY_UIApplicationSceneManifest_Generation = NO;
				MTL_ENABLE_DEBUG_INFO = INCLUDE_SOURCE;
				MTL_FAST_MATH = YES;
				ONLY_ACTIVE_ARCH = YES;
				SWIFT_ACTIVE_COMPILATION_CONDITIONS = DEBUG;
				SWIFT_OPTIMIZATION_LEVEL = "-Onone";
			};
			name = Debug;
		};
		A3DF907F294092D400C14FF1 /* Release */ = {
			isa = XCBuildConfiguration;
			buildSettings = {
				ALWAYS_SEARCH_USER_PATHS = NO;
				CLANG_ANALYZER_LOCALIZABILITY_NONLOCALIZED = YES;
				CLANG_ANALYZER_NONNULL = YES;
				CLANG_ANALYZER_NUMBER_OBJECT_CONVERSION = YES_AGGRESSIVE;
				CLANG_CXX_LANGUAGE_STANDARD = "gnu++20";
				CLANG_ENABLE_MODULES = YES;
				CLANG_ENABLE_OBJC_ARC = YES;
				CLANG_ENABLE_OBJC_WEAK = YES;
				CLANG_WARN_BLOCK_CAPTURE_AUTORELEASING = YES;
				CLANG_WARN_BOOL_CONVERSION = YES;
				CLANG_WARN_COMMA = YES;
				CLANG_WARN_CONSTANT_CONVERSION = YES;
				CLANG_WARN_DEPRECATED_OBJC_IMPLEMENTATIONS = YES;
				CLANG_WARN_DIRECT_OBJC_ISA_USAGE = YES_ERROR;
				CLANG_WARN_DOCUMENTATION_COMMENTS = YES;
				CLANG_WARN_EMPTY_BODY = YES;
				CLANG_WARN_ENUM_CONVERSION = YES;
				CLANG_WARN_INFINITE_RECURSION = YES;
				CLANG_WARN_INT_CONVERSION = YES;
				CLANG_WARN_NON_LITERAL_NULL_CONVERSION = YES;
				CLANG_WARN_OBJC_IMPLICIT_RETAIN_SELF = YES;
				CLANG_WARN_OBJC_LITERAL_CONVERSION = YES;
				CLANG_WARN_OBJC_ROOT_CLASS = YES_ERROR;
				CLANG_WARN_QUOTED_INCLUDE_IN_FRAMEWORK_HEADER = YES;
				CLANG_WARN_RANGE_LOOP_ANALYSIS = YES;
				CLANG_WARN_STRICT_PROTOTYPES = YES;
				CLANG_WARN_SUSPICIOUS_MOVE = YES;
				CLANG_WARN_UNGUARDED_AVAILABILITY = YES_AGGRESSIVE;
				CLANG_WARN_UNREACHABLE_CODE = YES;
				CLANG_WARN__DUPLICATE_METHOD_MATCH = YES;
				COPY_PHASE_STRIP = NO;
				DEAD_CODE_STRIPPING = YES;
				DEBUG_INFORMATION_FORMAT = "dwarf-with-dsym";
				ENABLE_NS_ASSERTIONS = NO;
				ENABLE_STRICT_OBJC_MSGSEND = YES;
				GCC_C_LANGUAGE_STANDARD = gnu11;
				GCC_NO_COMMON_BLOCKS = YES;
				GCC_WARN_64_TO_32_BIT_CONVERSION = YES;
				GCC_WARN_ABOUT_RETURN_TYPE = YES_ERROR;
				GCC_WARN_UNDECLARED_SELECTOR = YES;
				GCC_WARN_UNINITIALIZED_AUTOS = YES_AGGRESSIVE;
				GCC_WARN_UNUSED_FUNCTION = YES;
				GCC_WARN_UNUSED_VARIABLE = YES;
				INFOPLIST_KEY_UIApplicationSceneManifest_Generation = NO;
				MTL_ENABLE_DEBUG_INFO = NO;
				MTL_FAST_MATH = YES;
				SWIFT_COMPILATION_MODE = wholemodule;
				SWIFT_OPTIMIZATION_LEVEL = "-O";
			};
			name = Release;
		};
		A3DF9081294092D400C14FF1 /* Debug */ = {
			isa = XCBuildConfiguration;
			buildSettings = {
				ALWAYS_EMBED_SWIFT_STANDARD_LIBRARIES = YES;
				ASSETCATALOG_COMPILER_APPICON_NAME = AppIcon;
				ASSETCATALOG_COMPILER_GLOBAL_ACCENT_COLOR_NAME = AccentColor;
				CODE_SIGN_ENTITLEMENTS = YTools/YTools.entitlements;
				CODE_SIGN_IDENTITY = "-";
				"CODE_SIGN_IDENTITY[sdk=iphoneos*]" = "Apple Development";
				CODE_SIGN_STYLE = Automatic;
				CURRENT_PROJECT_VERSION = 1;
				DEAD_CODE_STRIPPING = YES;
				DEVELOPMENT_ASSET_PATHS = "\"YTools/Preview Content\"";
				DEVELOPMENT_TEAM = YKULDT8YN9;
				ENABLE_HARDENED_RUNTIME = YES;
				ENABLE_PREVIEWS = YES;
				GENERATE_INFOPLIST_FILE = YES;
				INFOPLIST_FILE = YTools/Info.plist;
				INFOPLIST_KEY_LSApplicationCategoryType = "public.app-category.utilities";
				"INFOPLIST_KEY_UIApplicationSceneManifest_Generation[sdk=iphoneos*]" = YES;
				"INFOPLIST_KEY_UIApplicationSceneManifest_Generation[sdk=iphonesimulator*]" = YES;
				"INFOPLIST_KEY_UIApplicationSupportsIndirectInputEvents[sdk=iphoneos*]" = YES;
				"INFOPLIST_KEY_UIApplicationSupportsIndirectInputEvents[sdk=iphonesimulator*]" = YES;
				"INFOPLIST_KEY_UILaunchScreen_Generation[sdk=iphoneos*]" = YES;
				"INFOPLIST_KEY_UILaunchScreen_Generation[sdk=iphonesimulator*]" = YES;
				"INFOPLIST_KEY_UIStatusBarStyle[sdk=iphoneos*]" = UIStatusBarStyleDefault;
				"INFOPLIST_KEY_UIStatusBarStyle[sdk=iphonesimulator*]" = UIStatusBarStyleDefault;
				INFOPLIST_KEY_UISupportedInterfaceOrientations_iPad = "UIInterfaceOrientationPortrait UIInterfaceOrientationPortraitUpsideDown UIInterfaceOrientationLandscapeLeft UIInterfaceOrientationLandscapeRight";
				INFOPLIST_KEY_UISupportedInterfaceOrientations_iPhone = "UIInterfaceOrientationPortrait UIInterfaceOrientationLandscapeLeft UIInterfaceOrientationLandscapeRight";
				IPHONEOS_DEPLOYMENT_TARGET = 16.1;
				LD_RUNPATH_SEARCH_PATHS = "@executable_path/Frameworks";
				"LD_RUNPATH_SEARCH_PATHS[sdk=macosx*]" = "@executable_path/../Frameworks";
				MACOSX_DEPLOYMENT_TARGET = 13.0;
				MARKETING_VERSION = 1.0;
				PRODUCT_BUNDLE_IDENTIFIER = com.yzh.YTools;
				PRODUCT_NAME = "$(TARGET_NAME)";
				SDKROOT = auto;
				SUPPORTED_PLATFORMS = "iphoneos iphonesimulator macosx";
				SUPPORTS_MACCATALYST = NO;
				SUPPORTS_MAC_DESIGNED_FOR_IPHONE_IPAD = NO;
				SWIFT_EMIT_LOC_STRINGS = YES;
				SWIFT_VERSION = 5.0;
				TARGETED_DEVICE_FAMILY = "1,2";
			};
			name = Debug;
		};
		A3DF9082294092D400C14FF1 /* Release */ = {
			isa = XCBuildConfiguration;
			buildSettings = {
				ALWAYS_EMBED_SWIFT_STANDARD_LIBRARIES = YES;
				ASSETCATALOG_COMPILER_APPICON_NAME = AppIcon;
				ASSETCATALOG_COMPILER_GLOBAL_ACCENT_COLOR_NAME = AccentColor;
				CODE_SIGN_ENTITLEMENTS = YTools/YTools.entitlements;
				CODE_SIGN_IDENTITY = "-";
				"CODE_SIGN_IDENTITY[sdk=iphoneos*]" = "Apple Development";
				CODE_SIGN_STYLE = Automatic;
				CURRENT_PROJECT_VERSION = 1;
				DEAD_CODE_STRIPPING = YES;
				DEVELOPMENT_ASSET_PATHS = "\"YTools/Preview Content\"";
				DEVELOPMENT_TEAM = YKULDT8YN9;
				ENABLE_HARDENED_RUNTIME = YES;
				ENABLE_PREVIEWS = YES;
				GENERATE_INFOPLIST_FILE = YES;
				INFOPLIST_FILE = YTools/Info.plist;
				INFOPLIST_KEY_LSApplicationCategoryType = "public.app-category.utilities";
				"INFOPLIST_KEY_UIApplicationSceneManifest_Generation[sdk=iphoneos*]" = YES;
				"INFOPLIST_KEY_UIApplicationSceneManifest_Generation[sdk=iphonesimulator*]" = YES;
				"INFOPLIST_KEY_UIApplicationSupportsIndirectInputEvents[sdk=iphoneos*]" = YES;
				"INFOPLIST_KEY_UIApplicationSupportsIndirectInputEvents[sdk=iphonesimulator*]" = YES;
				"INFOPLIST_KEY_UILaunchScreen_Generation[sdk=iphoneos*]" = YES;
				"INFOPLIST_KEY_UILaunchScreen_Generation[sdk=iphonesimulator*]" = YES;
				"INFOPLIST_KEY_UIStatusBarStyle[sdk=iphoneos*]" = UIStatusBarStyleDefault;
				"INFOPLIST_KEY_UIStatusBarStyle[sdk=iphonesimulator*]" = UIStatusBarStyleDefault;
				INFOPLIST_KEY_UISupportedInterfaceOrientations_iPad = "UIInterfaceOrientationPortrait UIInterfaceOrientationPortraitUpsideDown UIInterfaceOrientationLandscapeLeft UIInterfaceOrientationLandscapeRight";
				INFOPLIST_KEY_UISupportedInterfaceOrientations_iPhone = "UIInterfaceOrientationPortrait UIInterfaceOrientationLandscapeLeft UIInterfaceOrientationLandscapeRight";
				IPHONEOS_DEPLOYMENT_TARGET = 16.1;
				LD_RUNPATH_SEARCH_PATHS = "@executable_path/Frameworks";
				"LD_RUNPATH_SEARCH_PATHS[sdk=macosx*]" = "@executable_path/../Frameworks";
				MACOSX_DEPLOYMENT_TARGET = 13.0;
				MARKETING_VERSION = 1.0;
				PRODUCT_BUNDLE_IDENTIFIER = com.yzh.YTools;
				PRODUCT_NAME = "$(TARGET_NAME)";
				SDKROOT = auto;
				SUPPORTED_PLATFORMS = "iphoneos iphonesimulator macosx";
				SUPPORTS_MACCATALYST = NO;
				SUPPORTS_MAC_DESIGNED_FOR_IPHONE_IPAD = NO;
				SWIFT_EMIT_LOC_STRINGS = YES;
				SWIFT_VERSION = 5.0;
				TARGETED_DEVICE_FAMILY = "1,2";
			};
			name = Release;
		};
/* End XCBuildConfiguration section */

/* Begin XCConfigurationList section */
		A37DEFBA29CC7C4000A5606D /* Build configuration list for PBXNativeTarget "YWidgetsExtension" */ = {
			isa = XCConfigurationList;
			buildConfigurations = (
				A37DEFB829CC7C4000A5606D /* Debug */,
				A37DEFB929CC7C4000A5606D /* Release */,
			);
			defaultConfigurationIsVisible = 0;
			defaultConfigurationName = Release;
		};
		A3DF906C294092D200C14FF1 /* Build configuration list for PBXProject "YTools" */ = {
			isa = XCConfigurationList;
			buildConfigurations = (
				A3DF907E294092D400C14FF1 /* Debug */,
				A3DF907F294092D400C14FF1 /* Release */,
			);
			defaultConfigurationIsVisible = 0;
			defaultConfigurationName = Release;
		};
		A3DF9080294092D400C14FF1 /* Build configuration list for PBXNativeTarget "YTools" */ = {
			isa = XCConfigurationList;
			buildConfigurations = (
				A3DF9081294092D400C14FF1 /* Debug */,
				A3DF9082294092D400C14FF1 /* Release */,
			);
			defaultConfigurationIsVisible = 0;
			defaultConfigurationName = Release;
		};
/* End XCConfigurationList section */

/* Begin XCRemoteSwiftPackageReference section */
		A3181C8529D6834700437F4D /* XCRemoteSwiftPackageReference "Alamofire" */ = {
			isa = XCRemoteSwiftPackageReference;
			repositoryURL = "https://github.com/Alamofire/Alamofire";
			requirement = {
				kind = upToNextMajorVersion;
				minimumVersion = 5.0.0;
			};
		};
		A3C8A96429D6CE3700AA3877 /* XCRemoteSwiftPackageReference "ChartView" */ = {
			isa = XCRemoteSwiftPackageReference;
			repositoryURL = "https://github.com/AppPear/ChartView";
			requirement = {
				kind = upToNextMajorVersion;
				minimumVersion = 1.0.0;
			};
		};
/* End XCRemoteSwiftPackageReference section */

/* Begin XCSwiftPackageProductDependency section */
		A3181C8629D6834700437F4D /* Alamofire */ = {
			isa = XCSwiftPackageProductDependency;
			package = A3181C8529D6834700437F4D /* XCRemoteSwiftPackageReference "Alamofire" */;
			productName = Alamofire;
		};
		A3C8A96529D6CE3700AA3877 /* SwiftUICharts */ = {
			isa = XCSwiftPackageProductDependency;
			package = A3C8A96429D6CE3700AA3877 /* XCRemoteSwiftPackageReference "ChartView" */;
			productName = SwiftUICharts;
		};
/* End XCSwiftPackageProductDependency section */
	};
	rootObject = A3DF9069294092D200C14FF1 /* Project object */;
}
